{
  "version": 4,
  "terraform_version": "1.4.6",
  "serial": 19,
  "lineage": "35dd2faa-ade5-14d9-9fa6-10af9855ea88",
  "outputs": {},
  "resources": [
    {
      "module": "module.addons",
      "mode": "managed",
      "type": "rafay_addon",
      "name": "infra_addons",
      "provider": "provider[\"registry.terraform.io/rafaysystems/rafay\"]",
      "instances": [
        {
          "index_key": "addon2",
          "schema_version": 1,
          "attributes": {
            "id": "ingress-nginx",
            "metadata": [
              {
                "annotations": {},
                "description": "",
                "labels": {},
                "name": "ingress-nginx",
                "project": "terraform-test-8-24-5"
              }
            ],
            "spec": [
              {
                "artifact": [
                  {
                    "artifact": [
                      {
                        "catalog": "",
                        "chart_name": "ingress-nginx",
                        "chart_path": [],
                        "chart_version": "4.2.5",
                        "configmap": [],
                        "configuration": [],
                        "paths": [],
                        "repository": "nginx-controller",
                        "revision": "",
                        "secret": [],
                        "statefulset": [],
                        "values_paths": [],
                        "values_ref": []
                      }
                    ],
                    "options": [],
                    "type": "Helm"
                  }
                ],
                "namespace": "ingress-nginx",
                "sharing": [
                  {
                    "enabled": false,
                    "projects": []
                  }
                ],
                "version": "v1.3.1"
              }
            ],
            "timeouts": null
          },
          "sensitive_attributes": [],
          "private": "eyJlMmJmYjczMC1lY2FhLTExZTYtOGY4OC0zNDM2M2JjN2M0YzAiOnsiY3JlYXRlIjo2MDAwMDAwMDAwMDAsImRlbGV0ZSI6NjAwMDAwMDAwMDAwLCJ1cGRhdGUiOjYwMDAwMDAwMDAwMH0sInNjaGVtYV92ZXJzaW9uIjoiMSJ9",
          "dependencies": [
            "module.namespace.rafay_namespace.namespace",
            "module.project.rafay_project.project",
            "module.repositories.rafay_repositories.public_repositories"
          ]
        }
      ]
    },
    {
      "module": "module.addons",
      "mode": "managed",
      "type": "rafay_addon",
      "name": "infra_addons_with_custom_values",
      "provider": "provider[\"registry.terraform.io/rafaysystems/rafay\"]",
      "instances": [
        {
          "index_key": "addon1",
          "schema_version": 1,
          "attributes": {
            "id": "cert-manager",
            "metadata": [
              {
                "annotations": {},
                "description": "",
                "labels": {},
                "name": "cert-manager",
                "project": "terraform-test-8-24-5"
              }
            ],
            "spec": [
              {
                "artifact": [
                  {
                    "artifact": [
                      {
                        "catalog": "",
                        "chart_name": "cert-manager",
                        "chart_path": [],
                        "chart_version": "v1.12.3",
                        "configmap": [],
                        "configuration": [],
                        "paths": [],
                        "repository": "cert-manager",
                        "revision": "",
                        "secret": [],
                        "statefulset": [],
                        "values_paths": [
                          {
                            "name": "file://../artifacts/cert-manager/custom_values.yaml",
                            "sensitive": false
                          }
                        ],
                        "values_ref": []
                      }
                    ],
                    "options": [],
                    "type": "Helm"
                  }
                ],
                "namespace": "cert-manager",
                "sharing": [
                  {
                    "enabled": false,
                    "projects": []
                  }
                ],
                "version": "v1.9.1"
              }
            ],
            "timeouts": null
          },
          "sensitive_attributes": [],
          "private": "eyJlMmJmYjczMC1lY2FhLTExZTYtOGY4OC0zNDM2M2JjN2M0YzAiOnsiY3JlYXRlIjo2MDAwMDAwMDAwMDAsImRlbGV0ZSI6NjAwMDAwMDAwMDAwLCJ1cGRhdGUiOjYwMDAwMDAwMDAwMH0sInNjaGVtYV92ZXJzaW9uIjoiMSJ9",
          "dependencies": [
            "module.namespace.rafay_namespace.namespace",
            "module.project.rafay_project.project",
            "module.repositories.rafay_repositories.public_repositories"
          ]
        }
      ]
    },
    {
      "module": "module.blueprint",
      "mode": "managed",
      "type": "rafay_blueprint",
      "name": "blueprint",
      "provider": "provider[\"registry.terraform.io/rafaysystems/rafay\"]",
      "instances": [
        {
          "schema_version": 1,
          "attributes": {
            "id": "custom-blueprint",
            "metadata": [
              {
                "annotations": {},
                "description": "",
                "labels": {},
                "name": "custom-blueprint",
                "project": "terraform-test-8-24-5"
              }
            ],
            "spec": [
              {
                "base": [
                  {
                    "name": "minimal",
                    "version": "1.27.0"
                  }
                ],
                "cost_profile": [],
                "custom_addons": [
                  {
                    "depends_on": [],
                    "name": "cert-manager",
                    "version": "v1.9.1"
                  },
                  {
                    "depends_on": [
                      "cert-manager"
                    ],
                    "name": "ingress-nginx",
                    "version": "v1.3.1"
                  }
                ],
                "default_addons": [
                  {
                    "csi_secret_store_config": [],
                    "enable_csi_secret_store": false,
                    "enable_ingress": false,
                    "enable_logging": false,
                    "enable_monitoring": false,
                    "enable_rook_ceph": false,
                    "enable_vm": false,
                    "monitoring": []
                  }
                ],
                "drift": [
                  {
                    "action": "Deny",
                    "enabled": true
                  }
                ],
                "namespace_config": [
                  {
                    "enable_sync": true
                  }
                ],
                "network_policy": [],
                "opa_policy": [],
                "placement": [],
                "private_kube_api_proxies": [],
                "psp": [],
                "service_mesh": [],
                "sharing": [
                  {
                    "enabled": false,
                    "projects": []
                  }
                ],
                "type": "",
                "version": "v0"
              }
            ],
            "timeouts": null
          },
          "sensitive_attributes": [],
          "private": "eyJlMmJmYjczMC1lY2FhLTExZTYtOGY4OC0zNDM2M2JjN2M0YzAiOnsiY3JlYXRlIjo2MDAwMDAwMDAwMDAsImRlbGV0ZSI6NjAwMDAwMDAwMDAwLCJ1cGRhdGUiOjYwMDAwMDAwMDAwMH0sInNjaGVtYV92ZXJzaW9uIjoiMSJ9",
          "dependencies": [
            "module.addons.rafay_addon.infra_addons",
            "module.addons.rafay_addon.infra_addons_with_custom_values",
            "module.namespace.rafay_namespace.namespace",
            "module.project.rafay_project.project",
            "module.repositories.rafay_repositories.public_repositories"
          ]
        }
      ]
    },
    {
      "module": "module.cloud-credentials",
      "mode": "managed",
      "type": "rafay_cloud_credential",
      "name": "eks-credentials",
      "provider": "provider[\"registry.terraform.io/rafaysystems/rafay\"]",
      "instances": [
        {
          "schema_version": 1,
          "attributes": {
            "accesskey": null,
            "awscredtype": "rolearn",
            "clientid": null,
            "clientsecret": null,
            "credfile": null,
            "description": null,
            "externalid": "015e-1834-796b-71af-a5ca",
            "id": "k6917pk",
            "name": "rafay-cloud-credential",
            "project": "terraform-test-8-24-5",
            "providertype": "AWS",
            "rolearn": "arn:aws:iam::679196758854:role/dreta-full-iam",
            "secretkey": null,
            "subscriptionid": null,
            "tenantid": null,
            "timeouts": null,
            "type": "cluster-provisioning"
          },
          "sensitive_attributes": [],
          "private": "eyJlMmJmYjczMC1lY2FhLTExZTYtOGY4OC0zNDM2M2JjN2M0YzAiOnsiY3JlYXRlIjo2MDAwMDAwMDAwMDAsImRlbGV0ZSI6NjAwMDAwMDAwMDAwLCJ1cGRhdGUiOjYwMDAwMDAwMDAwMH0sInNjaGVtYV92ZXJzaW9uIjoiMSJ9",
          "dependencies": [
            "module.project.rafay_project.project"
          ]
        }
      ]
    },
    {
      "module": "module.cluster-overrides",
      "mode": "managed",
      "type": "rafay_cluster_override",
      "name": "override",
      "provider": "provider[\"registry.terraform.io/rafaysystems/rafay\"]",
      "instances": [
        {
          "index_key": "cert-manager",
          "schema_version": 1,
          "attributes": {
            "id": "cert-manager",
            "metadata": [
              {
                "annotations": {},
                "description": "",
                "labels": {
                  "rafay.dev/overrideScope": "clusterLabels",
                  "rafay.dev/overrideType": "valuesFile"
                },
                "name": "cert-manager",
                "project": "terraform-test-8-24-5"
              }
            ],
            "spec": [
              {
                "artifact_type": "",
                "cluster_placement": [
                  {
                    "cluster_labels": [
                      {
                        "key": "rafay.dev/clusterName",
                        "value": "terraform-test-gs-8-24-5"
                      }
                    ],
                    "cluster_selector": "",
                    "node_grouping_keys": [],
                    "placement_type": "ClusterSpecific"
                  }
                ],
                "cluster_selector": "rafay.dev/clusterName in (terraform-test-gs-8-24-5)",
                "override_values": "tolerations:\n- key: node/infra\n  operator: Exists\n  effect: NoSchedule\n- key: cluster-node\n  operator: Exists\n  effect: NoSchedule\n\nwebhook:\n  tolerations:\n  - key: node/infra\n    operator: Exists\n    effect: NoSchedule\n  - key: cluster-node\n    operator: Exists\n    effect: NoSchedule\n\ncainjector:\n  tolerations:\n  - key: node/infra\n    operator: Exists\n    effect: NoSchedule\n  - key: cluster-node\n    operator: Exists\n    effect: NoSchedule\n\nstartupapicheck:\n  tolerations:\n  - key: node/infra\n    operator: Exists\n    effect: NoSchedule\n  - key: cluster-node\n    operator: Exists\n    effect: NoSchedule\n",
                "resource_selector": "rafay.dev/name=cert-manager",
                "type": "ClusterOverrideTypeAddon",
                "value_repo_ref": "",
                "values_repo_artifact_meta": []
              }
            ],
            "timeouts": null
          },
          "sensitive_attributes": [],
          "private": "eyJlMmJmYjczMC1lY2FhLTExZTYtOGY4OC0zNDM2M2JjN2M0YzAiOnsiY3JlYXRlIjo2MDAwMDAwMDAwMDAsImRlbGV0ZSI6NjAwMDAwMDAwMDAwLCJ1cGRhdGUiOjYwMDAwMDAwMDAwMH0sInNjaGVtYV92ZXJzaW9uIjoiMSJ9",
          "dependencies": [
            "module.addons.rafay_addon.infra_addons",
            "module.addons.rafay_addon.infra_addons_with_custom_values",
            "module.namespace.rafay_namespace.namespace",
            "module.project.rafay_project.project",
            "module.repositories.rafay_repositories.public_repositories"
          ]
        },
        {
          "index_key": "ingress-nginx",
          "schema_version": 1,
          "attributes": {
            "id": "ingress-nginx",
            "metadata": [
              {
                "annotations": {},
                "description": "",
                "labels": {
                  "rafay.dev/overrideScope": "clusterLabels",
                  "rafay.dev/overrideType": "valuesFile"
                },
                "name": "ingress-nginx",
                "project": "terraform-test-8-24-5"
              }
            ],
            "spec": [
              {
                "artifact_type": "",
                "cluster_placement": [
                  {
                    "cluster_labels": [
                      {
                        "key": "rafay.dev/clusterName",
                        "value": "terraform-test-gs-8-24-5"
                      }
                    ],
                    "cluster_selector": "",
                    "node_grouping_keys": [],
                    "placement_type": "ClusterSpecific"
                  }
                ],
                "cluster_selector": "rafay.dev/clusterName in (terraform-test-gs-8-24-5)",
                "override_values": "controller:\n  tolerations:\n  - key: node/infra\n    operator: Exists\n    effect: NoSchedule\n  - key: cluster-node\n    operator: Exists\n    effect: NoSchedule\n\n  service:\n    annotations:\n      service.beta.kubernetes.io/aws-load-balancer-type: \"nlb\"\n\n  admissionWebhooks:\n    patch:\n      tolerations:\n      - key: node/infra\n        operator: Exists\n        effect: NoSchedule\n      - key: cluster-node\n        operator: Exists\n        effect: NoSchedule\n      # -- Labels to be added to patch job resources\n\ndefaultBackend:\n  tolerations:\n  - key: node/infra\n    operator: Exists\n    effect: NoSchedule\n  - key: cluster-node\n    operator: Exists\n    effect: NoSchedule\n",
                "resource_selector": "rafay.dev/name=ingress-nginx",
                "type": "ClusterOverrideTypeAddon",
                "value_repo_ref": "",
                "values_repo_artifact_meta": []
              }
            ],
            "timeouts": null
          },
          "sensitive_attributes": [],
          "private": "eyJlMmJmYjczMC1lY2FhLTExZTYtOGY4OC0zNDM2M2JjN2M0YzAiOnsiY3JlYXRlIjo2MDAwMDAwMDAwMDAsImRlbGV0ZSI6NjAwMDAwMDAwMDAwLCJ1cGRhdGUiOjYwMDAwMDAwMDAwMH0sInNjaGVtYV92ZXJzaW9uIjoiMSJ9",
          "dependencies": [
            "module.addons.rafay_addon.infra_addons",
            "module.addons.rafay_addon.infra_addons_with_custom_values",
            "module.namespace.rafay_namespace.namespace",
            "module.project.rafay_project.project",
            "module.repositories.rafay_repositories.public_repositories"
          ]
        }
      ]
    },
    {
      "module": "module.eks_cluster",
      "mode": "managed",
      "type": "rafay_eks_cluster",
      "name": "cluster",
      "provider": "provider[\"registry.terraform.io/rafaysystems/rafay\"]",
      "instances": [
        {
          "schema_version": 1,
          "attributes": {
            "cluster": [
              {
                "kind": "Cluster",
                "metadata": [
                  {
                    "labels": {
                      "cluster": "test-label",
                      "region": "us-west-2"
                    },
                    "name": "terraform-test-gs-8-24-5",
                    "project": "terraform-test-8-24-5"
                  }
                ],
                "spec": [
                  {
                    "blueprint": "custom-blueprint",
                    "blueprint_version": "v0",
                    "cloud_provider": "rafay-cloud-credential",
                    "cni_params": [],
                    "cni_provider": "aws-cni",
                    "cross_account_role_arn": "",
                    "proxy_config": {},
                    "sharing": [],
                    "system_components_placement": [
                      {
                        "daemonset_override": [
                          {
                            "node_selection_enabled": false,
                            "tolerations": [
                              {
                                "effect": "NoSchedule",
                                "key": "cluster-node",
                                "operator": "Exists",
                                "toleration_seconds": 0,
                                "value": ""
                              }
                            ]
                          }
                        ],
                        "node_selector": {},
                        "tolerations": [
                          {
                            "effect": "NoSchedule",
                            "key": "node/infra",
                            "operator": "Exists",
                            "toleration_seconds": 0,
                            "value": ""
                          },
                          {
                            "effect": "NoSchedule",
                            "key": "cluster-node",
                            "operator": "Exists",
                            "toleration_seconds": 0,
                            "value": ""
                          }
                        ]
                      }
                    ],
                    "type": "eks"
                  }
                ]
              }
            ],
            "cluster_config": [
              {
                "addons": [],
                "apiversion": "rafay.io/v1alpha5",
                "availability_zones": [],
                "cloud_watch": [],
                "fargate_profiles": [],
                "iam": [],
                "identity_mappings": [],
                "identity_providers": [],
                "kind": "ClusterConfig",
                "kubernetes_network_config": [],
                "managed_nodegroups": [
                  {
                    "ami": "",
                    "ami_family": "AmazonLinux2",
                    "asg_suspend_processes": [],
                    "availability_zones": [],
                    "bottle_rocket": [],
                    "desired_capacity": 1,
                    "disable_imdsv1": false,
                    "disable_pods_imds": false,
                    "ebs_optimized": false,
                    "efa_enabled": false,
                    "enable_detailed_monitoring": false,
                    "iam": [
                      {
                        "attach_policy": [],
                        "attach_policy_arns": [],
                        "iam_node_group_with_addon_policies": [
                          {
                            "alb_ingress": false,
                            "app_mesh": false,
                            "app_mesh_review": false,
                            "auto_scaler": true,
                            "cert_manager": false,
                            "cloud_watch": true,
                            "ebs": false,
                            "efs": false,
                            "external_dns": false,
                            "fsx": false,
                            "image_builder": true,
                            "xray": false
                          }
                        ],
                        "instance_profile_arn": "",
                        "instance_role_arn": "",
                        "instance_role_name": "",
                        "instance_role_permission_boundary": ""
                      }
                    ],
                    "instance_name": "",
                    "instance_prefix": "",
                    "instance_selector": [],
                    "instance_type": "t3.large",
                    "instance_types": [],
                    "labels": {},
                    "launch_template": [],
                    "max_pods_per_node": 0,
                    "max_size": 3,
                    "min_size": 1,
                    "name": "infra-terraform",
                    "override_bootstrap_command": "",
                    "placement": [],
                    "pre_bootstrap_commands": [],
                    "private_networking": true,
                    "security_groups": [],
                    "spot": false,
                    "ssh": [],
                    "subnets": [],
                    "tags": {},
                    "taints": [
                      {
                        "effect": "NoSchedule",
                        "key": "cluster-node",
                        "value": ""
                      },
                      {
                        "effect": "NoSchedule",
                        "key": "node/infra",
                        "value": ""
                      }
                    ],
                    "update_config": [],
                    "version": "1.26",
                    "volume_encrypted": false,
                    "volume_iops": 3000,
                    "volume_kms_key_id": "",
                    "volume_name": "",
                    "volume_size": 80,
                    "volume_throughput": 125,
                    "volume_type": "gp3"
                  },
                  {
                    "ami": "",
                    "ami_family": "AmazonLinux2",
                    "asg_suspend_processes": [],
                    "availability_zones": [],
                    "bottle_rocket": [],
                    "desired_capacity": 2,
                    "disable_imdsv1": false,
                    "disable_pods_imds": false,
                    "ebs_optimized": false,
                    "efa_enabled": false,
                    "enable_detailed_monitoring": false,
                    "iam": [
                      {
                        "attach_policy": [],
                        "attach_policy_arns": [],
                        "iam_node_group_with_addon_policies": [
                          {
                            "alb_ingress": false,
                            "app_mesh": false,
                            "app_mesh_review": false,
                            "auto_scaler": true,
                            "cert_manager": false,
                            "cloud_watch": true,
                            "ebs": false,
                            "efs": false,
                            "external_dns": false,
                            "fsx": false,
                            "image_builder": true,
                            "xray": false
                          }
                        ],
                        "instance_profile_arn": "",
                        "instance_role_arn": "",
                        "instance_role_name": "",
                        "instance_role_permission_boundary": ""
                      }
                    ],
                    "instance_name": "",
                    "instance_prefix": "",
                    "instance_selector": [],
                    "instance_type": "t3.large",
                    "instance_types": [],
                    "labels": {},
                    "launch_template": [],
                    "max_pods_per_node": 0,
                    "max_size": 3,
                    "min_size": 1,
                    "name": "worker-ng-terraform",
                    "override_bootstrap_command": "",
                    "placement": [],
                    "pre_bootstrap_commands": [],
                    "private_networking": true,
                    "security_groups": [],
                    "spot": false,
                    "ssh": [],
                    "subnets": [],
                    "tags": {},
                    "taints": [
                      {
                        "effect": "NoSchedule",
                        "key": "cluster-node",
                        "value": ""
                      },
                      {
                        "effect": "NoSchedule",
                        "key": "node/infra",
                        "value": ""
                      }
                    ],
                    "update_config": [],
                    "version": "1.26",
                    "volume_encrypted": false,
                    "volume_iops": 3000,
                    "volume_kms_key_id": "",
                    "volume_name": "",
                    "volume_size": 80,
                    "volume_throughput": 125,
                    "volume_type": "gp3"
                  }
                ],
                "metadata": [
                  {
                    "annotations": {},
                    "name": "terraform-test-gs-8-24-5",
                    "region": "us-west-2",
                    "tags": {
                      "email": "david@rafay.co",
                      "env": "dev",
                      "orchestrator": "rafay"
                    },
                    "version": "1.26"
                  }
                ],
                "node_groups": [],
                "private_cluster": [],
                "secrets_encryption": [],
                "vpc": [
                  {
                    "auto_allocate_ipv6": false,
                    "cidr": "192.168.0.0/16",
                    "cluster_endpoints": [
                      {
                        "private_access": true,
                        "public_access": false
                      }
                    ],
                    "extra_cidrs": [],
                    "extra_ipv6_cidrs": [],
                    "id": "",
                    "ipv6_cidr": "",
                    "ipv6_pool": "",
                    "manage_shared_node_security_group_rules": false,
                    "nat": [
                      {
                        "gateway": "Single"
                      }
                    ],
                    "public_access_cidrs": [],
                    "security_group": "",
                    "shared_node_security_group": "",
                    "subnets": []
                  }
                ]
              }
            ],
            "id": "ko8v74m",
            "timeouts": null
          },
          "sensitive_attributes": [],
          "private": "eyJlMmJmYjczMC1lY2FhLTExZTYtOGY4OC0zNDM2M2JjN2M0YzAiOnsiY3JlYXRlIjo2MDAwMDAwMDAwMDAsImRlbGV0ZSI6NjAwMDAwMDAwMDAwLCJ1cGRhdGUiOjYwMDAwMDAwMDAwMH0sInNjaGVtYV92ZXJzaW9uIjoiMSJ9",
          "dependencies": [
            "module.addons.rafay_addon.infra_addons",
            "module.addons.rafay_addon.infra_addons_with_custom_values",
            "module.blueprint.rafay_blueprint.blueprint",
            "module.cloud-credentials.rafay_cloud_credential.eks-credentials",
            "module.cluster-overrides.rafay_cluster_override.override",
            "module.namespace.rafay_namespace.namespace",
            "module.project.rafay_project.project",
            "module.repositories.rafay_repositories.public_repositories"
          ]
        }
      ]
    },
    {
      "module": "module.group",
      "mode": "managed",
      "type": "rafay_group",
      "name": "group",
      "provider": "provider[\"registry.terraform.io/rafaysystems/rafay\"]",
      "instances": [
        {
          "schema_version": 1,
          "attributes": {
            "description": null,
            "id": "mpl0re2",
            "name": "terraform-test-8-24-5-project-admin",
            "timeouts": null
          },
          "sensitive_attributes": [],
          "private": "eyJlMmJmYjczMC1lY2FhLTExZTYtOGY4OC0zNDM2M2JjN2M0YzAiOnsiY3JlYXRlIjo2MDAwMDAwMDAwMDAsImRlbGV0ZSI6NjAwMDAwMDAwMDAwLCJ1cGRhdGUiOjYwMDAwMDAwMDAwMH0sInNjaGVtYV92ZXJzaW9uIjoiMSJ9"
        }
      ]
    },
    {
      "module": "module.group-association",
      "mode": "managed",
      "type": "rafay_groupassociation",
      "name": "groupassociation",
      "provider": "provider[\"registry.terraform.io/rafaysystems/rafay\"]",
      "instances": [
        {
          "schema_version": 1,
          "attributes": {
            "add_users": null,
            "group": "terraform-test-8-24-5-project-admin",
            "id": "mpl0re2-kgxrq8m",
            "idp_user": null,
            "namespaces": null,
            "project": "terraform-test-8-24-5",
            "remove_users": null,
            "roles": [
              "PROJECT_ADMIN"
            ],
            "timeouts": null
          },
          "sensitive_attributes": [],
          "private": "eyJlMmJmYjczMC1lY2FhLTExZTYtOGY4OC0zNDM2M2JjN2M0YzAiOnsiY3JlYXRlIjo2MDAwMDAwMDAwMDAsImRlbGV0ZSI6NjAwMDAwMDAwMDAwLCJ1cGRhdGUiOjYwMDAwMDAwMDAwMH0sInNjaGVtYV92ZXJzaW9uIjoiMSJ9",
          "dependencies": [
            "module.group.rafay_group.group"
          ]
        }
      ]
    },
    {
      "module": "module.namespace",
      "mode": "managed",
      "type": "rafay_namespace",
      "name": "namespace",
      "provider": "provider[\"registry.terraform.io/rafaysystems/rafay\"]",
      "instances": [
        {
          "index_key": "cert-manager",
          "schema_version": 1,
          "attributes": {
            "id": "cert-manager",
            "impersonate": null,
            "metadata": [
              {
                "annotations": {},
                "description": "",
                "labels": {},
                "name": "cert-manager",
                "project": "terraform-test-8-24-5"
              }
            ],
            "spec": [
              {
                "artifact": [],
                "drift": [
                  {
                    "action": "",
                    "enabled": false
                  }
                ],
                "limit_range": [],
                "namespace_mesh_policy_params": [],
                "network_policy_params": [],
                "placement": [],
                "psp": [],
                "resource_quotas": []
              }
            ],
            "timeouts": null
          },
          "sensitive_attributes": [],
          "private": "eyJlMmJmYjczMC1lY2FhLTExZTYtOGY4OC0zNDM2M2JjN2M0YzAiOnsiY3JlYXRlIjo2MDAwMDAwMDAwMDAsImRlbGV0ZSI6NjAwMDAwMDAwMDAwLCJ1cGRhdGUiOjYwMDAwMDAwMDAwMH0sInNjaGVtYV92ZXJzaW9uIjoiMSJ9",
          "dependencies": [
            "module.project.rafay_project.project"
          ]
        },
        {
          "index_key": "ingress-nginx",
          "schema_version": 1,
          "attributes": {
            "id": "ingress-nginx",
            "impersonate": null,
            "metadata": [
              {
                "annotations": {},
                "description": "",
                "labels": {},
                "name": "ingress-nginx",
                "project": "terraform-test-8-24-5"
              }
            ],
            "spec": [
              {
                "artifact": [],
                "drift": [
                  {
                    "action": "",
                    "enabled": false
                  }
                ],
                "limit_range": [],
                "namespace_mesh_policy_params": [],
                "network_policy_params": [],
                "placement": [],
                "psp": [],
                "resource_quotas": []
              }
            ],
            "timeouts": null
          },
          "sensitive_attributes": [],
          "private": "eyJlMmJmYjczMC1lY2FhLTExZTYtOGY4OC0zNDM2M2JjN2M0YzAiOnsiY3JlYXRlIjo2MDAwMDAwMDAwMDAsImRlbGV0ZSI6NjAwMDAwMDAwMDAwLCJ1cGRhdGUiOjYwMDAwMDAwMDAwMH0sInNjaGVtYV92ZXJzaW9uIjoiMSJ9",
          "dependencies": [
            "module.project.rafay_project.project"
          ]
        }
      ]
    },
    {
      "module": "module.project",
      "mode": "managed",
      "type": "rafay_project",
      "name": "project",
      "provider": "provider[\"registry.terraform.io/rafaysystems/rafay\"]",
      "instances": [
        {
          "schema_version": 1,
          "attributes": {
            "id": "terraform-test-8-24-5",
            "metadata": [
              {
                "annotations": {},
                "description": "",
                "labels": {},
                "name": "terraform-test-8-24-5",
                "project": ""
              }
            ],
            "spec": [
              {
                "cluster_resource_quota": [],
                "default": false,
                "default_cluster_namespace_quota": []
              }
            ],
            "timeouts": null
          },
          "sensitive_attributes": [],
          "private": "eyJlMmJmYjczMC1lY2FhLTExZTYtOGY4OC0zNDM2M2JjN2M0YzAiOnsiY3JlYXRlIjo2MDAwMDAwMDAwMDAsImRlbGV0ZSI6NjAwMDAwMDAwMDAwLCJ1cGRhdGUiOjYwMDAwMDAwMDAwMH0sInNjaGVtYV92ZXJzaW9uIjoiMSJ9"
        }
      ]
    },
    {
      "module": "module.repositories",
      "mode": "managed",
      "type": "rafay_repositories",
      "name": "public_repositories",
      "provider": "provider[\"registry.terraform.io/rafaysystems/rafay\"]",
      "instances": [
        {
          "index_key": "cert-manager",
          "schema_version": 1,
          "attributes": {
            "id": "cert-manager",
            "impersonate": null,
            "metadata": [
              {
                "annotations": {},
                "description": "",
                "labels": {},
                "name": "cert-manager",
                "project": "terraform-test-8-24-5"
              }
            ],
            "spec": [
              {
                "agents": [],
                "credentials": [],
                "endpoint": "https://charts.jetstack.io",
                "options": [],
                "secret": [],
                "sharing": [],
                "type": "Helm"
              }
            ],
            "timeouts": null
          },
          "sensitive_attributes": [],
          "private": "eyJlMmJmYjczMC1lY2FhLTExZTYtOGY4OC0zNDM2M2JjN2M0YzAiOnsiY3JlYXRlIjo2MDAwMDAwMDAwMDAsImRlbGV0ZSI6NjAwMDAwMDAwMDAwLCJ1cGRhdGUiOjYwMDAwMDAwMDAwMH0sInNjaGVtYV92ZXJzaW9uIjoiMSJ9",
          "dependencies": [
            "module.project.rafay_project.project"
          ]
        },
        {
          "index_key": "nginx-controller",
          "schema_version": 1,
          "attributes": {
            "id": "nginx-controller",
            "impersonate": null,
            "metadata": [
              {
                "annotations": {},
                "description": "",
                "labels": {},
                "name": "nginx-controller",
                "project": "terraform-test-8-24-5"
              }
            ],
            "spec": [
              {
                "agents": [],
                "credentials": [],
                "endpoint": "https://kubernetes.github.io/ingress-nginx",
                "options": [],
                "secret": [],
                "sharing": [],
                "type": "Helm"
              }
            ],
            "timeouts": null
          },
          "sensitive_attributes": [],
          "private": "eyJlMmJmYjczMC1lY2FhLTExZTYtOGY4OC0zNDM2M2JjN2M0YzAiOnsiY3JlYXRlIjo2MDAwMDAwMDAwMDAsImRlbGV0ZSI6NjAwMDAwMDAwMDAwLCJ1cGRhdGUiOjYwMDAwMDAwMDAwMH0sInNjaGVtYV92ZXJzaW9uIjoiMSJ9",
          "dependencies": [
            "module.project.rafay_project.project"
          ]
        }
      ]
    }
  ],
  "check_results": null
}
